#MicroXplorer Configuration settings - do not modify
File.Version=6
KeepUserPlacement=false
Mcu.CPN=STM32F401RET6
Mcu.Family=STM32F4
Mcu.IP0=NVIC
Mcu.IP1=RCC
Mcu.IP2=SYS
Mcu.IP3=TIM1
Mcu.IPNb=4
Mcu.Name=STM32F401R(D-E)Tx
Mcu.Package=LQFP64
Mcu.Pin0=VP_SYS_VS_Systick
Mcu.Pin1=VP_TIM1_VS_ClockSourceINT
Mcu.PinsNb=2
Mcu.UserName=STM32F401RETx
MxCube.Version=6.11.0
NVIC.PriorityGroup=NVIC_PRIORITYGROUP_4
NVIC.SysTick_IRQn=true\:15\:0\:false\:false\:true\:false\:true\:false
NVIC.TIM1_UP_TIM10_IRQn=true\:1\:0\:true\:false\:true\:true\:true\:true
ProjectManager.AskForMigrate=true
ProjectManager.BackupPrevious=false
ProjectManager.CompilerOptimize=6
ProjectManager.DeviceId=STM32F401RETx
ProjectManager.FirmwarePackage=STM32Cube FW_F4
ProjectManager.HeapSize=0x200
ProjectManager.KeepUserCode=true
ProjectManager.MainLocation=Core/Src
ProjectManager.ProjectFileName=nucleo_f401re.ioc
ProjectManager.ProjectName=nucleo_f401re
ProjectManager.StackSize=0x400
ProjectManager.TargetToolchain=STM32CubeIDE
RCC.AHBFreq_Value=84000000
RCC.APB1CLKDivider=RCC_HCLK_DIV2
RCC.APB1Freq_Value=42000000
RCC.APB1TimFreq_Value=84000000
RCC.APB2Freq_Value=84000000
RCC.CortexFreq_Value=84000000
RCC.FCLKCortexFreq_Value=84000000
RCC.HCLKFreq_Value=84000000
RCC.HSI_VALUE=16000000
RCC.PLLCLKFreq_Value=84000000
RCC.PLLM=16
RCC.PLLN=336
RCC.PLLP=RCC_PLLP_DIV4
RCC.PLLQ=7
RCC.SYSCLKFreq_VALUE=84000000
RCC.SYSCLKSource=RCC_SYSCLKSOURCE_PLLCLK
RCC.IPParameters=AHBFreq_Value,APB1CLKDivider,APB1Freq_Value,APB1TimFreq_Value,APB2Freq_Value,CortexFreq_Value,FCLKCortexFreq_Value,HCLKFreq_Value,HSI_VALUE,PLLCLKFreq_Value,PLLM,PLLN,PLLP,PLLQ,SYSCLKFreq_VALUE,SYSCLKSource
TIM1.IPParameters=Prescaler,Period
TIM1.Period=999
TIM1.Prescaler=83
VP_SYS_VS_Systick.Mode=SysTick
VP_SYS_VS_Systick.Signal=SYS_VS_Systick
VP_TIM1_VS_ClockSourceINT.Mode=Internal
VP_TIM1_VS_ClockSourceINT.Signal=TIM1_VS_ClockSourceINT
board=NUCLEO-F401RE
